
Microsoft Visual Studio Solution File, Format Version 12.00
# Visual Studio Version 17
VisualStudioVersion = 17.8.34330.188
MinimumVisualStudioVersion = 10.0.40219.1
Project("{9A19103F-16F7-4668-BE54-9A1E7A4F7556}") = "Catalog", "Catalog\Catalog.csproj", "{44327135-DBE2-4A91-8286-36682811D2E8}"
EndProject
Project("{E53339B2-1760-4266-BCC7-CA923CBCF16C}") = "docker-compose", "docker-compose.dcproj", "{80C9F0A6-B231-4C75-B21C-AE015C9D3277}"
EndProject
Project("{2150E333-8FDC-42A3-9474-1A3956D46DE8}") = "Solution Items", "Solution Items", "{151475C7-D138-4F27-9D8B-93A933BB8358}"
	ProjectSection(SolutionItems) = preProject
		.editorconfig = .editorconfig
	EndProjectSection
EndProject
Project("{9A19103F-16F7-4668-BE54-9A1E7A4F7556}") = "Catalog.Test", "Catalog.Test\Catalog.Test.csproj", "{D8952922-AE10-4E70-9437-AEEC5B22B8DA}"
EndProject
Project("{2150E333-8FDC-42A3-9474-1A3956D46DE8}") = "API", "API", "{536B5788-BB31-48B2-A613-245D6D103DD5}"
EndProject
Project("{2150E333-8FDC-42A3-9474-1A3956D46DE8}") = "Test", "Test", "{8F6455ED-9EED-4838-9AB2-49ED305204A1}"
EndProject
Global
	GlobalSection(SolutionConfigurationPlatforms) = preSolution
		Debug|Any CPU = Debug|Any CPU
		Release|Any CPU = Release|Any CPU
	EndGlobalSection
	GlobalSection(ProjectConfigurationPlatforms) = postSolution
		{44327135-DBE2-4A91-8286-36682811D2E8}.Debug|Any CPU.ActiveCfg = Debug|Any CPU
		{44327135-DBE2-4A91-8286-36682811D2E8}.Debug|Any CPU.Build.0 = Debug|Any CPU
		{44327135-DBE2-4A91-8286-36682811D2E8}.Release|Any CPU.ActiveCfg = Release|Any CPU
		{44327135-DBE2-4A91-8286-36682811D2E8}.Release|Any CPU.Build.0 = Release|Any CPU
		{80C9F0A6-B231-4C75-B21C-AE015C9D3277}.Debug|Any CPU.ActiveCfg = Debug|Any CPU
		{80C9F0A6-B231-4C75-B21C-AE015C9D3277}.Debug|Any CPU.Build.0 = Debug|Any CPU
		{80C9F0A6-B231-4C75-B21C-AE015C9D3277}.Release|Any CPU.ActiveCfg = Release|Any CPU
		{80C9F0A6-B231-4C75-B21C-AE015C9D3277}.Release|Any CPU.Build.0 = Release|Any CPU
		{D8952922-AE10-4E70-9437-AEEC5B22B8DA}.Debug|Any CPU.ActiveCfg = Debug|Any CPU
		{D8952922-AE10-4E70-9437-AEEC5B22B8DA}.Debug|Any CPU.Build.0 = Debug|Any CPU
		{D8952922-AE10-4E70-9437-AEEC5B22B8DA}.Release|Any CPU.ActiveCfg = Release|Any CPU
		{D8952922-AE10-4E70-9437-AEEC5B22B8DA}.Release|Any CPU.Build.0 = Release|Any CPU
	EndGlobalSection
	GlobalSection(SolutionProperties) = preSolution
		HideSolutionNode = FALSE
	EndGlobalSection
	GlobalSection(NestedProjects) = preSolution
		{44327135-DBE2-4A91-8286-36682811D2E8} = {536B5788-BB31-48B2-A613-245D6D103DD5}
		{D8952922-AE10-4E70-9437-AEEC5B22B8DA} = {8F6455ED-9EED-4838-9AB2-49ED305204A1}
	EndGlobalSection
	GlobalSection(ExtensibilityGlobals) = postSolution
		SolutionGuid = {D48B4670-B1F1-4BC3-B870-26A4CD3C21E2}
	EndGlobalSection
EndGlobal
