
Microsoft Visual Studio Solution File, Format Version 12.00
# Visual Studio Version 16
VisualStudioVersion = 16.0.31624.102
MinimumVisualStudioVersion = 10.0.40219.1
Project("{9A19103F-16F7-4668-BE54-9A1E7A4F7556}") = "Catalog", "Catalog\Catalog.csproj", "{44327135-DBE2-4A91-8286-36682811D2E8}"
EndProject
Project("{E53339B2-1760-4266-BCC7-CA923CBCF16C}") = "docker-compose", "docker-compose.dcproj", "{80C9F0A6-B231-4C75-B21C-AE015C9D3277}"
EndProject
Project("{2150E333-8FDC-42A3-9474-1A3956D46DE8}") = "Solution Items", "Solution Items", "{151475C7-D138-4F27-9D8B-93A933BB8358}"
	ProjectSection(SolutionItems) = preProject
		.editorconfig = .editorconfig
	EndProjectSection
EndProject
Project("{FAE04EC0-301F-11D3-BF4B-00C04F79EFBC}") = "Catalog.Domain", "Catalog.Domain\Catalog.Domain.csproj", "{7C475BD5-9A6C-48EB-8B1C-A8685E4E8250}"
EndProject
Project("{FAE04EC0-301F-11D3-BF4B-00C04F79EFBC}") = "Catalog.Service", "Catalog.Service\Catalog.Service.csproj", "{2896ECC3-4446-4FB9-9750-65AA10AAAC61}"
EndProject
Project("{FAE04EC0-301F-11D3-BF4B-00C04F79EFBC}") = "Catalog.Data", "Catalog.Data\Catalog.Data.csproj", "{31384D25-5F93-4CEF-A440-2D9277DB1EF6}"
EndProject
Project("{9A19103F-16F7-4668-BE54-9A1E7A4F7556}") = "Catalog.Data.Test", "Catalog.Data.Test\Catalog.Data.Test.csproj", "{D8C79D38-77C8-4E98-8C43-707BF01EC24A}"
EndProject
Project("{FAE04EC0-301F-11D3-BF4B-00C04F79EFBC}") = "Catalog.Service.Test", "Catalog.Service.Test\Catalog.Service.Test.csproj", "{4C630341-C6D2-49EC-A865-9E4F2A56B235}"
EndProject
Project("{9A19103F-16F7-4668-BE54-9A1E7A4F7556}") = "Catalog.Test", "Catalog.Test\Catalog.Test.csproj", "{D8952922-AE10-4E70-9437-AEEC5B22B8DA}"
EndProject
Global
	GlobalSection(SolutionConfigurationPlatforms) = preSolution
		Debug|Any CPU = Debug|Any CPU
		Release|Any CPU = Release|Any CPU
	EndGlobalSection
	GlobalSection(ProjectConfigurationPlatforms) = postSolution
		{44327135-DBE2-4A91-8286-36682811D2E8}.Debug|Any CPU.ActiveCfg = Debug|Any CPU
		{44327135-DBE2-4A91-8286-36682811D2E8}.Debug|Any CPU.Build.0 = Debug|Any CPU
		{44327135-DBE2-4A91-8286-36682811D2E8}.Release|Any CPU.ActiveCfg = Release|Any CPU
		{44327135-DBE2-4A91-8286-36682811D2E8}.Release|Any CPU.Build.0 = Release|Any CPU
		{80C9F0A6-B231-4C75-B21C-AE015C9D3277}.Debug|Any CPU.ActiveCfg = Debug|Any CPU
		{80C9F0A6-B231-4C75-B21C-AE015C9D3277}.Debug|Any CPU.Build.0 = Debug|Any CPU
		{80C9F0A6-B231-4C75-B21C-AE015C9D3277}.Release|Any CPU.ActiveCfg = Release|Any CPU
		{80C9F0A6-B231-4C75-B21C-AE015C9D3277}.Release|Any CPU.Build.0 = Release|Any CPU
		{7C475BD5-9A6C-48EB-8B1C-A8685E4E8250}.Debug|Any CPU.ActiveCfg = Debug|Any CPU
		{7C475BD5-9A6C-48EB-8B1C-A8685E4E8250}.Debug|Any CPU.Build.0 = Debug|Any CPU
		{7C475BD5-9A6C-48EB-8B1C-A8685E4E8250}.Release|Any CPU.ActiveCfg = Release|Any CPU
		{7C475BD5-9A6C-48EB-8B1C-A8685E4E8250}.Release|Any CPU.Build.0 = Release|Any CPU
		{2896ECC3-4446-4FB9-9750-65AA10AAAC61}.Debug|Any CPU.ActiveCfg = Debug|Any CPU
		{2896ECC3-4446-4FB9-9750-65AA10AAAC61}.Debug|Any CPU.Build.0 = Debug|Any CPU
		{2896ECC3-4446-4FB9-9750-65AA10AAAC61}.Release|Any CPU.ActiveCfg = Release|Any CPU
		{2896ECC3-4446-4FB9-9750-65AA10AAAC61}.Release|Any CPU.Build.0 = Release|Any CPU
		{31384D25-5F93-4CEF-A440-2D9277DB1EF6}.Debug|Any CPU.ActiveCfg = Debug|Any CPU
		{31384D25-5F93-4CEF-A440-2D9277DB1EF6}.Debug|Any CPU.Build.0 = Debug|Any CPU
		{31384D25-5F93-4CEF-A440-2D9277DB1EF6}.Release|Any CPU.ActiveCfg = Release|Any CPU
		{31384D25-5F93-4CEF-A440-2D9277DB1EF6}.Release|Any CPU.Build.0 = Release|Any CPU
		{D8C79D38-77C8-4E98-8C43-707BF01EC24A}.Debug|Any CPU.ActiveCfg = Debug|Any CPU
		{D8C79D38-77C8-4E98-8C43-707BF01EC24A}.Debug|Any CPU.Build.0 = Debug|Any CPU
		{D8C79D38-77C8-4E98-8C43-707BF01EC24A}.Release|Any CPU.ActiveCfg = Release|Any CPU
		{D8C79D38-77C8-4E98-8C43-707BF01EC24A}.Release|Any CPU.Build.0 = Release|Any CPU
		{4C630341-C6D2-49EC-A865-9E4F2A56B235}.Debug|Any CPU.ActiveCfg = Debug|Any CPU
		{4C630341-C6D2-49EC-A865-9E4F2A56B235}.Debug|Any CPU.Build.0 = Debug|Any CPU
		{4C630341-C6D2-49EC-A865-9E4F2A56B235}.Release|Any CPU.ActiveCfg = Release|Any CPU
		{4C630341-C6D2-49EC-A865-9E4F2A56B235}.Release|Any CPU.Build.0 = Release|Any CPU
		{D8952922-AE10-4E70-9437-AEEC5B22B8DA}.Debug|Any CPU.ActiveCfg = Debug|Any CPU
		{D8952922-AE10-4E70-9437-AEEC5B22B8DA}.Debug|Any CPU.Build.0 = Debug|Any CPU
		{D8952922-AE10-4E70-9437-AEEC5B22B8DA}.Release|Any CPU.ActiveCfg = Release|Any CPU
		{D8952922-AE10-4E70-9437-AEEC5B22B8DA}.Release|Any CPU.Build.0 = Release|Any CPU
	EndGlobalSection
	GlobalSection(SolutionProperties) = preSolution
		HideSolutionNode = FALSE
	EndGlobalSection
	GlobalSection(ExtensibilityGlobals) = postSolution
		SolutionGuid = {D48B4670-B1F1-4BC3-B870-26A4CD3C21E2}
	EndGlobalSection
EndGlobal
